// !$*UTF8*$!
{
	archiveVersion = 1;
	classes = {
	};
	objectVersion = 56;
	objects = {

/* Begin PBXBuildFile section */
		6B05F272297F3CBB0069D171 /* SwiftUIAnimationsApp.swift in Sources */ = {isa = PBXBuildFile; fileRef = 6B05F271297F3CBB0069D171 /* SwiftUIAnimationsApp.swift */; };
		6B05F274297F3CBB0069D171 /* ContentView.swift in Sources */ = {isa = PBXBuildFile; fileRef = 6B05F273297F3CBB0069D171 /* ContentView.swift */; };
		6B05F276297F3CBD0069D171 /* Assets.xcassets in Resources */ = {isa = PBXBuildFile; fileRef = 6B05F275297F3CBD0069D171 /* Assets.xcassets */; };
		6B05F279297F3CBD0069D171 /* Preview Assets.xcassets in Resources */ = {isa = PBXBuildFile; fileRef = 6B05F278297F3CBD0069D171 /* Preview Assets.xcassets */; };
		6B05F280297F46480069D171 /* ChainedSpring.swift in Sources */ = {isa = PBXBuildFile; fileRef = 6B05F27F297F46480069D171 /* ChainedSpring.swift */; };
		6B05F282297F4C470069D171 /* BouncyHamburger.swift in Sources */ = {isa = PBXBuildFile; fileRef = 6B05F281297F4C470069D171 /* BouncyHamburger.swift */; };
		6B05F284297F4D3F0069D171 /* ReactionsView.swift in Sources */ = {isa = PBXBuildFile; fileRef = 6B05F283297F4D3F0069D171 /* ReactionsView.swift */; };
		6B05F286297F503A0069D171 /* DampingFractionTypes.swift in Sources */ = {isa = PBXBuildFile; fileRef = 6B05F285297F503A0069D171 /* DampingFractionTypes.swift */; };
		6B05F288297F51310069D171 /* Recording.swift in Sources */ = {isa = PBXBuildFile; fileRef = 6B05F287297F51310069D171 /* Recording.swift */; };
		6B05F28A297F51650069D171 /* FallingBall.swift in Sources */ = {isa = PBXBuildFile; fileRef = 6B05F289297F51650069D171 /* FallingBall.swift */; };
		6B05F28C297F52700069D171 /* NotificationAnimation.swift in Sources */ = {isa = PBXBuildFile; fileRef = 6B05F28B297F52700069D171 /* NotificationAnimation.swift */; };
/* End PBXBuildFile section */

/* Begin PBXFileReference section */
		6B05F26E297F3CBB0069D171 /* SwiftUIAnimations.app */ = {isa = PBXFileReference; explicitFileType = wrapper.application; includeInIndex = 0; path = SwiftUIAnimations.app; sourceTree = BUILT_PRODUCTS_DIR; };
		6B05F271297F3CBB0069D171 /* SwiftUIAnimationsApp.swift */ = {isa = PBXFileReference; lastKnownFileType = sourcecode.swift; path = SwiftUIAnimationsApp.swift; sourceTree = "<group>"; };
		6B05F273297F3CBB0069D171 /* ContentView.swift */ = {isa = PBXFileReference; lastKnownFileType = sourcecode.swift; path = ContentView.swift; sourceTree = "<group>"; };
		6B05F275297F3CBD0069D171 /* Assets.xcassets */ = {isa = PBXFileReference; lastKnownFileType = folder.assetcatalog; path = Assets.xcassets; sourceTree = "<group>"; };
		6B05F278297F3CBD0069D171 /* Preview Assets.xcassets */ = {isa = PBXFileReference; lastKnownFileType = folder.assetcatalog; path = "Preview Assets.xcassets"; sourceTree = "<group>"; };
		6B05F27F297F46480069D171 /* ChainedSpring.swift */ = {isa = PBXFileReference; lastKnownFileType = sourcecode.swift; path = ChainedSpring.swift; sourceTree = "<group>"; };
		6B05F281297F4C470069D171 /* BouncyHamburger.swift */ = {isa = PBXFileReference; lastKnownFileType = sourcecode.swift; path = BouncyHamburger.swift; sourceTree = "<group>"; };
		6B05F283297F4D3F0069D171 /* ReactionsView.swift */ = {isa = PBXFileReference; lastKnownFileType = sourcecode.swift; path = ReactionsView.swift; sourceTree = "<group>"; };
		6B05F285297F503A0069D171 /* DampingFractionTypes.swift */ = {isa = PBXFileReference; lastKnownFileType = sourcecode.swift; path = DampingFractionTypes.swift; sourceTree = "<group>"; };
		6B05F287297F51310069D171 /* Recording.swift */ = {isa = PBXFileReference; lastKnownFileType = sourcecode.swift; path = Recording.swift; sourceTree = "<group>"; };
		6B05F289297F51650069D171 /* FallingBall.swift */ = {isa = PBXFileReference; lastKnownFileType = sourcecode.swift; path = FallingBall.swift; sourceTree = "<group>"; };
		6B05F28B297F52700069D171 /* NotificationAnimation.swift */ = {isa = PBXFileReference; lastKnownFileType = sourcecode.swift; path = NotificationAnimation.swift; sourceTree = "<group>"; };
/* End PBXFileReference section */

/* Begin PBXFrameworksBuildPhase section */
		6B05F26B297F3CBB0069D171 /* Frameworks */ = {
			isa = PBXFrameworksBuildPhase;
			buildActionMask = 2147483647;
			files = (
			);
			runOnlyForDeploymentPostprocessing = 0;
		};
/* End PBXFrameworksBuildPhase section */

/* Begin PBXGroup section */
		6B05F265297F3CBB0069D171 = {
			isa = PBXGroup;
			children = (
				6B05F270297F3CBB0069D171 /* SwiftUIAnimations */,
				6B05F26F297F3CBB0069D171 /* Products */,
			);
			sourceTree = "<group>";
		};
		6B05F26F297F3CBB0069D171 /* Products */ = {
			isa = PBXGroup;
			children = (
				6B05F26E297F3CBB0069D171 /* SwiftUIAnimations.app */,
			);
			name = Products;
			sourceTree = "<group>";
		};
		6B05F270297F3CBB0069D171 /* SwiftUIAnimations */ = {
			isa = PBXGroup;
			children = (
				6B05F281297F4C470069D171 /* BouncyHamburger.swift */,
				6B05F271297F3CBB0069D171 /* SwiftUIAnimationsApp.swift */,
				6B05F273297F3CBB0069D171 /* ContentView.swift */,
				6B05F27F297F46480069D171 /* ChainedSpring.swift */,
				6B05F283297F4D3F0069D171 /* ReactionsView.swift */,
				6B05F285297F503A0069D171 /* DampingFractionTypes.swift */,
				6B05F287297F51310069D171 /* Recording.swift */,
				6B05F289297F51650069D171 /* FallingBall.swift */,
				6B05F28B297F52700069D171 /* NotificationAnimation.swift */,
				6B05F275297F3CBD0069D171 /* Assets.xcassets */,
				6B05F277297F3CBD0069D171 /* Preview Content */,
			);
			path = SwiftUIAnimations;
			sourceTree = "<group>";
		};
		6B05F277297F3CBD0069D171 /* Preview Content */ = {
			isa = PBXGroup;
			children = (
				6B05F278297F3CBD0069D171 /* Preview Assets.xcassets */,
			);
			path = "Preview Content";
			sourceTree = "<group>";
		};
/* End PBXGroup section */

/* Begin PBXNativeTarget section */
		6B05F26D297F3CBB0069D171 /* SwiftUIAnimations */ = {
			isa = PBXNativeTarget;
			buildConfigurationList = 6B05F27C297F3CBD0069D171 /* Build configuration list for PBXNativeTarget "SwiftUIAnimations" */;
			buildPhases = (
				6B05F26A297F3CBB0069D171 /* Sources */,
				6B05F26B297F3CBB0069D171 /* Frameworks */,
				6B05F26C297F3CBB0069D171 /* Resources */,
			);
			buildRules = (
			);
			dependencies = (
			);
			name = SwiftUIAnimations;
			productName = SwiftUIAnimations;
			productReference = 6B05F26E297F3CBB0069D171 /* SwiftUIAnimations.app */;
			productType = "com.apple.product-type.application";
		};
/* End PBXNativeTarget section */

/* Begin PBXProject section */
		6B05F266297F3CBB0069D171 /* Project object */ = {
			isa = PBXProject;
			attributes = {
				BuildIndependentTargetsInParallel = 1;
				LastSwiftUpdateCheck = 1400;
				LastUpgradeCheck = 1400;
				TargetAttributes = {
					6B05F26D297F3CBB0069D171 = {
						CreatedOnToolsVersion = 14.0.1;
					};
				};
			};
			buildConfigurationList = 6B05F269297F3CBB0069D171 /* Build configuration list for PBXProject "SwiftUIAnimations" */;
			compatibilityVersion = "Xcode 14.0";
			developmentRegion = en;
			hasScannedForEncodings = 0;
			knownRegions = (
				en,
				Base,
			);
			mainGroup = 6B05F265297F3CBB0069D171;
			productRefGroup = 6B05F26F297F3CBB0069D171 /* Products */;
			projectDirPath = "";
			projectRoot = "";
			targets = (
				6B05F26D297F3CBB0069D171 /* SwiftUIAnimations */,
			);
		};
/* End PBXProject section */

/* Begin PBXResourcesBuildPhase section */
		6B05F26C297F3CBB0069D171 /* Resources */ = {
			isa = PBXResourcesBuildPhase;
			buildActionMask = 2147483647;
			files = (
				6B05F279297F3CBD0069D171 /* Preview Assets.xcassets in Resources */,
				6B05F276297F3CBD0069D171 /* Assets.xcassets in Resources */,
			);
			runOnlyForDeploymentPostprocessing = 0;
		};
/* End PBXResourcesBuildPhase section */

/* Begin PBXSourcesBuildPhase section */
		6B05F26A297F3CBB0069D171 /* Sources */ = {
			isa = PBXSourcesBuildPhase;
			buildActionMask = 2147483647;
			files = (
				6B05F280297F46480069D171 /* ChainedSpring.swift in Sources */,
				6B05F282297F4C470069D171 /* BouncyHamburger.swift in Sources */,
				6B05F286297F503A0069D171 /* DampingFractionTypes.swift in Sources */,
				6B05F274297F3CBB0069D171 /* ContentView.swift in Sources */,
				6B05F28A297F51650069D171 /* FallingBall.swift in Sources */,
				6B05F284297F4D3F0069D171 /* ReactionsView.swift in Sources */,
				6B05F288297F51310069D171 /* Recording.swift in Sources */,
				6B05F28C297F52700069D171 /* NotificationAnimation.swift in Sources */,
				6B05F272297F3CBB0069D171 /* SwiftUIAnimationsApp.swift in Sources */,
			);
			runOnlyForDeploymentPostprocessing = 0;
		};
/* End PBXSourcesBuildPhase section */

/* Begin XCBuildConfiguration section */
		6B05F27A297F3CBD0069D171 /* Debug */ = {
			isa = XCBuildConfiguration;
			buildSettings = {
				ALWAYS_SEARCH_USER_PATHS = NO;
				CLANG_ANALYZER_NONNULL = YES;
				CLANG_ANALYZER_NUMBER_OBJECT_CONVERSION = YES_AGGRESSIVE;
				CLANG_CXX_LANGUAGE_STANDARD = "gnu++20";
				CLANG_ENABLE_MODULES = YES;
				CLANG_ENABLE_OBJC_ARC = YES;
				CLANG_ENABLE_OBJC_WEAK = YES;
				CLANG_WARN_BLOCK_CAPTURE_AUTORELEASING = YES;
				CLANG_WARN_BOOL_CONVERSION = YES;
				CLANG_WARN_COMMA = YES;
				CLANG_WARN_CONSTANT_CONVERSION = YES;
				CLANG_WARN_DEPRECATED_OBJC_IMPLEMENTATIONS = YES;
				CLANG_WARN_DIRECT_OBJC_ISA_USAGE = YES_ERROR;
				CLANG_WARN_DOCUMENTATION_COMMENTS = YES;
				CLANG_WARN_EMPTY_BODY = YES;
				CLANG_WARN_ENUM_CONVERSION = YES;
				CLANG_WARN_INFINITE_RECURSION = YES;
				CLANG_WARN_INT_CONVERSION = YES;
				CLANG_WARN_NON_LITERAL_NULL_CONVERSION = YES;
				CLANG_WARN_OBJC_IMPLICIT_RETAIN_SELF = YES;
				CLANG_WARN_OBJC_LITERAL_CONVERSION = YES;
				CLANG_WARN_OBJC_ROOT_CLASS = YES_ERROR;
				CLANG_WARN_QUOTED_INCLUDE_IN_FRAMEWORK_HEADER = YES;
				CLANG_WARN_RANGE_LOOP_ANALYSIS = YES;
				CLANG_WARN_STRICT_PROTOTYPES = YES;
				CLANG_WARN_SUSPICIOUS_MOVE = YES;
				CLANG_WARN_UNGUARDED_AVAILABILITY = YES_AGGRESSIVE;
				CLANG_WARN_UNREACHABLE_CODE = YES;
				CLANG_WARN__DUPLICATE_METHOD_MATCH = YES;
				COPY_PHASE_STRIP = NO;
				DEBUG_INFORMATION_FORMAT = dwarf;
				ENABLE_STRICT_OBJC_MSGSEND = YES;
				ENABLE_TESTABILITY = YES;
				GCC_C_LANGUAGE_STANDARD = gnu11;
				GCC_DYNAMIC_NO_PIC = NO;
				GCC_NO_COMMON_BLOCKS = YES;
				GCC_OPTIMIZATION_LEVEL = 0;
				GCC_PREPROCESSOR_DEFINITIONS = (
					"DEBUG=1",
					"$(inherited)",
				);
				GCC_WARN_64_TO_32_BIT_CONVERSION = YES;
				GCC_WARN_ABOUT_RETURN_TYPE = YES_ERROR;
				GCC_WARN_UNDECLARED_SELECTOR = YES;
				GCC_WARN_UNINITIALIZED_AUTOS = YES_AGGRESSIVE;
				GCC_WARN_UNUSED_FUNCTION = YES;
				GCC_WARN_UNUSED_VARIABLE = YES;
				IPHONEOS_DEPLOYMENT_TARGET = 16.0;
				MTL_ENABLE_DEBUG_INFO = INCLUDE_SOURCE;
				MTL_FAST_MATH = YES;
				ONLY_ACTIVE_ARCH = YES;
				SDKROOT = iphoneos;
				SWIFT_ACTIVE_COMPILATION_CONDITIONS = DEBUG;
				SWIFT_OPTIMIZATION_LEVEL = "-Onone";
			};
			name = Debug;
		};
		6B05F27B297F3CBD0069D171 /* Release */ = {
			isa = XCBuildConfiguration;
			buildSettings = {
				ALWAYS_SEARCH_USER_PATHS = NO;
				CLANG_ANALYZER_NONNULL = YES;
				CLANG_ANALYZER_NUMBER_OBJECT_CONVERSION = YES_AGGRESSIVE;
				CLANG_CXX_LANGUAGE_STANDARD = "gnu++20";
				CLANG_ENABLE_MODULES = YES;
				CLANG_ENABLE_OBJC_ARC = YES;
				CLANG_ENABLE_OBJC_WEAK = YES;
				CLANG_WARN_BLOCK_CAPTURE_AUTORELEASING = YES;
				CLANG_WARN_BOOL_CONVERSION = YES;
				CLANG_WARN_COMMA = YES;
				CLANG_WARN_CONSTANT_CONVERSION = YES;
				CLANG_WARN_DEPRECATED_OBJC_IMPLEMENTATIONS = YES;
				CLANG_WARN_DIRECT_OBJC_ISA_USAGE = YES_ERROR;
				CLANG_WARN_DOCUMENTATION_COMMENTS = YES;
				CLANG_WARN_EMPTY_BODY = YES;
				CLANG_WARN_ENUM_CONVERSION = YES;
				CLANG_WARN_INFINITE_RECURSION = YES;
				CLANG_WARN_INT_CONVERSION = YES;
				CLANG_WARN_NON_LITERAL_NULL_CONVERSION = YES;
				CLANG_WARN_OBJC_IMPLICIT_RETAIN_SELF = YES;
				CLANG_WARN_OBJC_LITERAL_CONVERSION = YES;
				CLANG_WARN_OBJC_ROOT_CLASS = YES_ERROR;
				CLANG_WARN_QUOTED_INCLUDE_IN_FRAMEWORK_HEADER = YES;
				CLANG_WARN_RANGE_LOOP_ANALYSIS = YES;
				CLANG_WARN_STRICT_PROTOTYPES = YES;
				CLANG_WARN_SUSPICIOUS_MOVE = YES;
				CLANG_WARN_UNGUARDED_AVAILABILITY = YES_AGGRESSIVE;
				CLANG_WARN_UNREACHABLE_CODE = YES;
				CLANG_WARN__DUPLICATE_METHOD_MATCH = YES;
				COPY_PHASE_STRIP = NO;
				DEBUG_INFORMATION_FORMAT = "dwarf-with-dsym";
				ENABLE_NS_ASSERTIONS = NO;
				ENABLE_STRICT_OBJC_MSGSEND = YES;
				GCC_C_LANGUAGE_STANDARD = gnu11;
				GCC_NO_COMMON_BLOCKS = YES;
				GCC_WARN_64_TO_32_BIT_CONVERSION = YES;
				GCC_WARN_ABOUT_RETURN_TYPE = YES_ERROR;
				GCC_WARN_UNDECLARED_SELECTOR = YES;
				GCC_WARN_UNINITIALIZED_AUTOS = YES_AGGRESSIVE;
				GCC_WARN_UNUSED_FUNCTION = YES;
				GCC_WARN_UNUSED_VARIABLE = YES;
				IPHONEOS_DEPLOYMENT_TARGET = 16.0;
				MTL_ENABLE_DEBUG_INFO = NO;
				MTL_FAST_MATH = YES;
				SDKROOT = iphoneos;
				SWIFT_COMPILATION_MODE = wholemodule;
				SWIFT_OPTIMIZATION_LEVEL = "-O";
				VALIDATE_PRODUCT = YES;
			};
			name = Release;
		};
		6B05F27D297F3CBD0069D171 /* Debug */ = {
			isa = XCBuildConfiguration;
			buildSettings = {
				ASSETCATALOG_COMPILER_APPICON_NAME = AppIcon;
				ASSETCATALOG_COMPILER_GLOBAL_ACCENT_COLOR_NAME = AccentColor;
				CODE_SIGN_STYLE = Automatic;
				CURRENT_PROJECT_VERSION = 1;
				DEVELOPMENT_ASSET_PATHS = "\"SwiftUIAnimations/Preview Content\"";
				DEVELOPMENT_TEAM = DHZ8T8PDJ7;
				ENABLE_PREVIEWS = YES;
				GENERATE_INFOPLIST_FILE = YES;
				INFOPLIST_KEY_UIApplicationSceneManifest_Generation = YES;
				INFOPLIST_KEY_UIApplicationSupportsIndirectInputEvents = YES;
				INFOPLIST_KEY_UILaunchScreen_Generation = YES;
				INFOPLIST_KEY_UISupportedInterfaceOrientations_iPad = "UIInterfaceOrientationPortrait UIInterfaceOrientationPortraitUpsideDown UIInterfaceOrientationLandscapeLeft UIInterfaceOrientationLandscapeRight";
				INFOPLIST_KEY_UISupportedInterfaceOrientations_iPhone = "UIInterfaceOrientationPortrait UIInterfaceOrientationLandscapeLeft UIInterfaceOrientationLandscapeRight";
				LD_RUNPATH_SEARCH_PATHS = (
					"$(inherited)",
					"@executable_path/Frameworks",
				);
				MARKETING_VERSION = 1.0;
				PRODUCT_BUNDLE_IDENTIFIER = lidiane.barbosa.SwiftUIAnimations;
				PRODUCT_NAME = "$(TARGET_NAME)";
				SWIFT_EMIT_LOC_STRINGS = YES;
				SWIFT_VERSION = 5.0;
				TARGETED_DEVICE_FAMILY = "1,2";
			};
			name = Debug;
		};
		6B05F27E297F3CBD0069D171 /* Release */ = {
			isa = XCBuildConfiguration;
			buildSettings = {
				ASSETCATALOG_COMPILER_APPICON_NAME = AppIcon;
				ASSETCATALOG_COMPILER_GLOBAL_ACCENT_COLOR_NAME = AccentColor;
				CODE_SIGN_STYLE = Automatic;
				CURRENT_PROJECT_VERSION = 1;
				DEVELOPMENT_ASSET_PATHS = "\"SwiftUIAnimations/Preview Content\"";
				DEVELOPMENT_TEAM = DHZ8T8PDJ7;
				ENABLE_PREVIEWS = YES;
				GENERATE_INFOPLIST_FILE = YES;
				INFOPLIST_KEY_UIApplicationSceneManifest_Generation = YES;
				INFOPLIST_KEY_UIApplicationSupportsIndirectInputEvents = YES;
				INFOPLIST_KEY_UILaunchScreen_Generation = YES;
				INFOPLIST_KEY_UISupportedInterfaceOrientations_iPad = "UIInterfaceOrientationPortrait UIInterfaceOrientationPortraitUpsideDown UIInterfaceOrientationLandscapeLeft UIInterfaceOrientationLandscapeRight";
				INFOPLIST_KEY_UISupportedInterfaceOrientations_iPhone = "UIInterfaceOrientationPortrait UIInterfaceOrientationLandscapeLeft UIInterfaceOrientationLandscapeRight";
				LD_RUNPATH_SEARCH_PATHS = (
					"$(inherited)",
					"@executable_path/Frameworks",
				);
				MARKETING_VERSION = 1.0;
				PRODUCT_BUNDLE_IDENTIFIER = lidiane.barbosa.SwiftUIAnimations;
				PRODUCT_NAME = "$(TARGET_NAME)";
				SWIFT_EMIT_LOC_STRINGS = YES;
				SWIFT_VERSION = 5.0;
				TARGETED_DEVICE_FAMILY = "1,2";
			};
			name = Release;
		};
/* End XCBuildConfiguration section */

/* Begin XCConfigurationList section */
		6B05F269297F3CBB0069D171 /* Build configuration list for PBXProject "SwiftUIAnimations" */ = {
			isa = XCConfigurationList;
			buildConfigurations = (
				6B05F27A297F3CBD0069D171 /* Debug */,
				6B05F27B297F3CBD0069D171 /* Release */,
			);
			defaultConfigurationIsVisible = 0;
			defaultConfigurationName = Release;
		};
		6B05F27C297F3CBD0069D171 /* Build configuration list for PBXNativeTarget "SwiftUIAnimations" */ = {
			isa = XCConfigurationList;
			buildConfigurations = (
				6B05F27D297F3CBD0069D171 /* Debug */,
				6B05F27E297F3CBD0069D171 /* Release */,
			);
			defaultConfigurationIsVisible = 0;
			defaultConfigurationName = Release;
		};
/* End XCConfigurationList section */
	};
	rootObject = 6B05F266297F3CBB0069D171 /* Project object */;
}
